
Microsoft Visual Studio Solution File, Format Version 12.00
Project("{FAE04EC0-301F-11D3-BF4B-00C04F79EFBC}") = "ClickHouse.Facades", "src\ClickHouse.Facades\ClickHouse.Facades.csproj", "{F58DD7A0-090D-4D9E-9C55-09635DCD46AC}"
EndProject
Project("{FAE04EC0-301F-11D3-BF4B-00C04F79EFBC}") = "ClickHouse.Facades.Example", "src\ClickHouse.Facades.Example\ClickHouse.Facades.Example.csproj", "{A7555176-F42B-4DD3-8810-E16CFE4378BB}"
EndProject
Project("{FAE04EC0-301F-11D3-BF4B-00C04F79EFBC}") = "ClickHouse.Facades.Tests", "src\ClickHouse.Facades.Tests\ClickHouse.Facades.Tests.csproj", "{EE903EEE-DD9E-4402-B758-0E2B13363138}"
EndProject
Global
	GlobalSection(SolutionConfigurationPlatforms) = preSolution
		Debug|Any CPU = Debug|Any CPU
		Release|Any CPU = Release|Any CPU
	EndGlobalSection
	GlobalSection(ProjectConfigurationPlatforms) = postSolution
		{F58DD7A0-090D-4D9E-9C55-09635DCD46AC}.Debug|Any CPU.ActiveCfg = Debug|Any CPU
		{F58DD7A0-090D-4D9E-9C55-09635DCD46AC}.Debug|Any CPU.Build.0 = Debug|Any CPU
		{F58DD7A0-090D-4D9E-9C55-09635DCD46AC}.Release|Any CPU.ActiveCfg = Release|Any CPU
		{F58DD7A0-090D-4D9E-9C55-09635DCD46AC}.Release|Any CPU.Build.0 = Release|Any CPU
		{A7555176-F42B-4DD3-8810-E16CFE4378BB}.Debug|Any CPU.ActiveCfg = Debug|Any CPU
		{A7555176-F42B-4DD3-8810-E16CFE4378BB}.Debug|Any CPU.Build.0 = Debug|Any CPU
		{A7555176-F42B-4DD3-8810-E16CFE4378BB}.Release|Any CPU.ActiveCfg = Release|Any CPU
		{A7555176-F42B-4DD3-8810-E16CFE4378BB}.Release|Any CPU.Build.0 = Release|Any CPU
		{EE903EEE-DD9E-4402-B758-0E2B13363138}.Debug|Any CPU.ActiveCfg = Debug|Any CPU
		{EE903EEE-DD9E-4402-B758-0E2B13363138}.Debug|Any CPU.Build.0 = Debug|Any CPU
		{EE903EEE-DD9E-4402-B758-0E2B13363138}.Release|Any CPU.ActiveCfg = Release|Any CPU
		{EE903EEE-DD9E-4402-B758-0E2B13363138}.Release|Any CPU.Build.0 = Release|Any CPU
	EndGlobalSection
EndGlobal
